
Microsoft Visual Studio Solution File, Format Version 12.00
# Visual Studio Version 16
VisualStudioVersion = 16.0.31205.134
MinimumVisualStudioVersion = 10.0.40219.1
Project("{FAE04EC0-301F-11D3-BF4B-00C04F79EFBC}") = "SkyAutomatic.App", "SkyAutomatic.App\SkyAutomatic.App.csproj", "{B89572BC-7EC7-45CD-A29F-EB9E149E2884}"
EndProject
Project("{FAE04EC0-301F-11D3-BF4B-00C04F79EFBC}") = "SkyAutomatic.Controls", "SkyAutomatic.Controls\SkyAutomatic.Controls.csproj", "{C0A20BB5-F2A6-4075-8F17-7B5BA33637DD}"
EndProject
Project("{FAE04EC0-301F-11D3-BF4B-00C04F79EFBC}") = "SkyAutomatic.BusinessControls", "SkyAutomatic.BusinessControls\SkyAutomatic.BusinessControls.csproj", "{48F025AF-BA66-4DE4-A346-F4325870AEAD}"
EndProject
Project("{FAE04EC0-301F-11D3-BF4B-00C04F79EFBC}") = "SkyAutomatic.Common", "SkyAutomatic.Common\SkyAutomatic.Common.csproj", "{8CE0BFCA-C43C-4E17-90E9-87EC6D4E64A6}"
EndProject
Project("{FAE04EC0-301F-11D3-BF4B-00C04F79EFBC}") = "SkyAutomatic.DataCenter", "SkyAutomatic.DataCenter\SkyAutomatic.DataCenter.csproj", "{DA6AA53B-CC22-4483-8376-F5DE1000F1DE}"
EndProject
Project("{FAE04EC0-301F-11D3-BF4B-00C04F79EFBC}") = "SkyAutomatic.DataAccess", "SkyAutomatic.DataAccess\SkyAutomatic.DataAccess.csproj", "{BFC5F9A0-CD8E-4E84-8985-9420AC7A6C9F}"
EndProject
Project("{FAE04EC0-301F-11D3-BF4B-00C04F79EFBC}") = "SkyAutomatic.HardwareCommunication", "SkyAutomatic.HardwareCommunication\SkyAutomatic.HardwareCommunication.csproj", "{1D7F430A-3397-4CC0-B6C0-0D3AE93658CD}"
EndProject
Project("{2150E333-8FDC-42A3-9474-1A3956D46DE8}") = "3rdPartyPlugin", "3rdPartyPlugin", "{DA60BDB0-AEE2-4484-9680-DC9A3B60B3BE}"
EndProject
Project("{FAE04EC0-301F-11D3-BF4B-00C04F79EFBC}") = "SkyAutomatic.HardwareProtocol", "SkyAutomatic.HardwareProtocol\SkyAutomatic.HardwareProtocol.csproj", "{7ABD5B89-FEA7-4EC1-888D-B6A5CAB7AB84}"
EndProject
Project("{FAE04EC0-301F-11D3-BF4B-00C04F79EFBC}") = "SkyAutomatic.MVVM", "SkyAutomatic.MVVM\SkyAutomatic.MVVM.csproj", "{0724A5B9-616B-4CAF-87DF-944883F9C584}"
EndProject
Project("{FAE04EC0-301F-11D3-BF4B-00C04F79EFBC}") = "UnitTestProject", "UnitTestProject\UnitTestProject.csproj", "{D32231F6-C500-4FD3-9E25-B9F2636653F6}"
EndProject
Global
	GlobalSection(SolutionConfigurationPlatforms) = preSolution
		Debug|Any CPU = Debug|Any CPU
		Release|Any CPU = Release|Any CPU
	EndGlobalSection
	GlobalSection(ProjectConfigurationPlatforms) = postSolution
		{B89572BC-7EC7-45CD-A29F-EB9E149E2884}.Debug|Any CPU.ActiveCfg = Debug|Any CPU
		{B89572BC-7EC7-45CD-A29F-EB9E149E2884}.Debug|Any CPU.Build.0 = Debug|Any CPU
		{B89572BC-7EC7-45CD-A29F-EB9E149E2884}.Release|Any CPU.ActiveCfg = Release|Any CPU
		{B89572BC-7EC7-45CD-A29F-EB9E149E2884}.Release|Any CPU.Build.0 = Release|Any CPU
		{C0A20BB5-F2A6-4075-8F17-7B5BA33637DD}.Debug|Any CPU.ActiveCfg = Debug|Any CPU
		{C0A20BB5-F2A6-4075-8F17-7B5BA33637DD}.Debug|Any CPU.Build.0 = Debug|Any CPU
		{C0A20BB5-F2A6-4075-8F17-7B5BA33637DD}.Release|Any CPU.ActiveCfg = Release|Any CPU
		{C0A20BB5-F2A6-4075-8F17-7B5BA33637DD}.Release|Any CPU.Build.0 = Release|Any CPU
		{48F025AF-BA66-4DE4-A346-F4325870AEAD}.Debug|Any CPU.ActiveCfg = Debug|Any CPU
		{48F025AF-BA66-4DE4-A346-F4325870AEAD}.Debug|Any CPU.Build.0 = Debug|Any CPU
		{48F025AF-BA66-4DE4-A346-F4325870AEAD}.Release|Any CPU.ActiveCfg = Release|Any CPU
		{48F025AF-BA66-4DE4-A346-F4325870AEAD}.Release|Any CPU.Build.0 = Release|Any CPU
		{8CE0BFCA-C43C-4E17-90E9-87EC6D4E64A6}.Debug|Any CPU.ActiveCfg = Debug|Any CPU
		{8CE0BFCA-C43C-4E17-90E9-87EC6D4E64A6}.Debug|Any CPU.Build.0 = Debug|Any CPU
		{8CE0BFCA-C43C-4E17-90E9-87EC6D4E64A6}.Release|Any CPU.ActiveCfg = Release|Any CPU
		{8CE0BFCA-C43C-4E17-90E9-87EC6D4E64A6}.Release|Any CPU.Build.0 = Release|Any CPU
		{DA6AA53B-CC22-4483-8376-F5DE1000F1DE}.Debug|Any CPU.ActiveCfg = Debug|Any CPU
		{DA6AA53B-CC22-4483-8376-F5DE1000F1DE}.Debug|Any CPU.Build.0 = Debug|Any CPU
		{DA6AA53B-CC22-4483-8376-F5DE1000F1DE}.Release|Any CPU.ActiveCfg = Release|Any CPU
		{DA6AA53B-CC22-4483-8376-F5DE1000F1DE}.Release|Any CPU.Build.0 = Release|Any CPU
		{BFC5F9A0-CD8E-4E84-8985-9420AC7A6C9F}.Debug|Any CPU.ActiveCfg = Debug|Any CPU
		{BFC5F9A0-CD8E-4E84-8985-9420AC7A6C9F}.Debug|Any CPU.Build.0 = Debug|Any CPU
		{BFC5F9A0-CD8E-4E84-8985-9420AC7A6C9F}.Release|Any CPU.ActiveCfg = Release|Any CPU
		{BFC5F9A0-CD8E-4E84-8985-9420AC7A6C9F}.Release|Any CPU.Build.0 = Release|Any CPU
		{1D7F430A-3397-4CC0-B6C0-0D3AE93658CD}.Debug|Any CPU.ActiveCfg = Debug|Any CPU
		{1D7F430A-3397-4CC0-B6C0-0D3AE93658CD}.Debug|Any CPU.Build.0 = Debug|Any CPU
		{1D7F430A-3397-4CC0-B6C0-0D3AE93658CD}.Release|Any CPU.ActiveCfg = Release|Any CPU
		{1D7F430A-3397-4CC0-B6C0-0D3AE93658CD}.Release|Any CPU.Build.0 = Release|Any CPU
		{7ABD5B89-FEA7-4EC1-888D-B6A5CAB7AB84}.Debug|Any CPU.ActiveCfg = Debug|Any CPU
		{7ABD5B89-FEA7-4EC1-888D-B6A5CAB7AB84}.Debug|Any CPU.Build.0 = Debug|Any CPU
		{7ABD5B89-FEA7-4EC1-888D-B6A5CAB7AB84}.Release|Any CPU.ActiveCfg = Release|Any CPU
		{7ABD5B89-FEA7-4EC1-888D-B6A5CAB7AB84}.Release|Any CPU.Build.0 = Release|Any CPU
		{0724A5B9-616B-4CAF-87DF-944883F9C584}.Debug|Any CPU.ActiveCfg = Debug|Any CPU
		{0724A5B9-616B-4CAF-87DF-944883F9C584}.Debug|Any CPU.Build.0 = Debug|Any CPU
		{0724A5B9-616B-4CAF-87DF-944883F9C584}.Release|Any CPU.ActiveCfg = Release|Any CPU
		{0724A5B9-616B-4CAF-87DF-944883F9C584}.Release|Any CPU.Build.0 = Release|Any CPU
		{D32231F6-C500-4FD3-9E25-B9F2636653F6}.Debug|Any CPU.ActiveCfg = Debug|Any CPU
		{D32231F6-C500-4FD3-9E25-B9F2636653F6}.Debug|Any CPU.Build.0 = Debug|Any CPU
		{D32231F6-C500-4FD3-9E25-B9F2636653F6}.Release|Any CPU.ActiveCfg = Release|Any CPU
		{D32231F6-C500-4FD3-9E25-B9F2636653F6}.Release|Any CPU.Build.0 = Release|Any CPU
	EndGlobalSection
	GlobalSection(SolutionProperties) = preSolution
		HideSolutionNode = FALSE
	EndGlobalSection
	GlobalSection(ExtensibilityGlobals) = postSolution
		SolutionGuid = {16CC87BA-2444-4399-9342-3A9B858662A8}
	EndGlobalSection
EndGlobal
