
Microsoft Visual Studio Solution File, Format Version 12.00
# Visual Studio Version 16
VisualStudioVersion = 16.0.31205.134
MinimumVisualStudioVersion = 10.0.40219.1
Project("{9A19103F-16F7-4668-BE54-9A1E7A4F7556}") = "UseAutofac", "UseAutofac\UseAutofac.csproj", "{8784A971-9F69-4665-97ED-78291472C18D}"
EndProject
Project("{9A19103F-16F7-4668-BE54-9A1E7A4F7556}") = "UseWordCloud", "UseWordCloud\UseWordCloud.csproj", "{C7B80100-65D0-4664-A7E4-0CC8AEA09FEA}"
EndProject
Project("{FAE04EC0-301F-11D3-BF4B-00C04F79EFBC}") = "Benchmark", "Benchmark\Benchmark.csproj", "{A1221B8E-A279-42F2-8DD6-83E5DB8884F1}"
EndProject
Global
	GlobalSection(SolutionConfigurationPlatforms) = preSolution
		Debug|Any CPU = Debug|Any CPU
		Release|Any CPU = Release|Any CPU
	EndGlobalSection
	GlobalSection(ProjectConfigurationPlatforms) = postSolution
		{8784A971-9F69-4665-97ED-78291472C18D}.Debug|Any CPU.ActiveCfg = Debug|Any CPU
		{8784A971-9F69-4665-97ED-78291472C18D}.Debug|Any CPU.Build.0 = Debug|Any CPU
		{8784A971-9F69-4665-97ED-78291472C18D}.Release|Any CPU.ActiveCfg = Release|Any CPU
		{8784A971-9F69-4665-97ED-78291472C18D}.Release|Any CPU.Build.0 = Release|Any CPU
		{C7B80100-65D0-4664-A7E4-0CC8AEA09FEA}.Debug|Any CPU.ActiveCfg = Debug|Any CPU
		{C7B80100-65D0-4664-A7E4-0CC8AEA09FEA}.Debug|Any CPU.Build.0 = Debug|Any CPU
		{C7B80100-65D0-4664-A7E4-0CC8AEA09FEA}.Release|Any CPU.ActiveCfg = Release|Any CPU
		{C7B80100-65D0-4664-A7E4-0CC8AEA09FEA}.Release|Any CPU.Build.0 = Release|Any CPU
		{A1221B8E-A279-42F2-8DD6-83E5DB8884F1}.Debug|Any CPU.ActiveCfg = Debug|Any CPU
		{A1221B8E-A279-42F2-8DD6-83E5DB8884F1}.Debug|Any CPU.Build.0 = Debug|Any CPU
		{A1221B8E-A279-42F2-8DD6-83E5DB8884F1}.Release|Any CPU.ActiveCfg = Release|Any CPU
		{A1221B8E-A279-42F2-8DD6-83E5DB8884F1}.Release|Any CPU.Build.0 = Release|Any CPU
	EndGlobalSection
	GlobalSection(SolutionProperties) = preSolution
		HideSolutionNode = FALSE
	EndGlobalSection
	GlobalSection(ExtensibilityGlobals) = postSolution
		SolutionGuid = {3856D5F8-0BD9-4F6D-93D0-06A81BA7ED6D}
	EndGlobalSection
EndGlobal
